
Microsoft Visual Studio Solution File, Format Version 12.00
Project("{FAE04EC0-301F-11D3-BF4B-00C04F79EFBC}") = "ProductionAnalisysAPI", "ProductionAnalisysAPI\ProductionAnalisysAPI.csproj", "{0A798FD8-B3C5-43B6-9038-F381ACFA1C59}"
EndProject
Project("{FAE04EC0-301F-11D3-BF4B-00C04F79EFBC}") = "DataAccess", "DataAccess\DataAccess.csproj", "{CA681373-27B2-4B5B-B0B8-974A4415BA52}"
EndProject
Global
	GlobalSection(SolutionConfigurationPlatforms) = preSolution
		Debug|Any CPU = Debug|Any CPU
		Release|Any CPU = Release|Any CPU
	EndGlobalSection
	GlobalSection(ProjectConfigurationPlatforms) = postSolution
		{0A798FD8-B3C5-43B6-9038-F381ACFA1C59}.Debug|Any CPU.ActiveCfg = Debug|Any CPU
		{0A798FD8-B3C5-43B6-9038-F381ACFA1C59}.Debug|Any CPU.Build.0 = Debug|Any CPU
		{0A798FD8-B3C5-43B6-9038-F381ACFA1C59}.Release|Any CPU.ActiveCfg = Release|Any CPU
		{0A798FD8-B3C5-43B6-9038-F381ACFA1C59}.Release|Any CPU.Build.0 = Release|Any CPU
		{CA681373-27B2-4B5B-B0B8-974A4415BA52}.Debug|Any CPU.ActiveCfg = Debug|Any CPU
		{CA681373-27B2-4B5B-B0B8-974A4415BA52}.Debug|Any CPU.Build.0 = Debug|Any CPU
		{CA681373-27B2-4B5B-B0B8-974A4415BA52}.Release|Any CPU.ActiveCfg = Release|Any CPU
		{CA681373-27B2-4B5B-B0B8-974A4415BA52}.Release|Any CPU.Build.0 = Release|Any CPU
	EndGlobalSection
EndGlobal
